
Microsoft Visual Studio Solution File, Format Version 12.00
# Visual Studio Version 17
VisualStudioVersion = 17.0.31903.59
MinimumVisualStudioVersion = 10.0.40219.1
Project("{FAE04EC0-301F-11D3-BF4B-00C04F79EFBC}") = "SGE.Aplicacion", "SGE.Aplicacion\SGE.Aplicacion.csproj", "{167C789D-CFFA-42C9-A78D-C46D13764FAC}"
EndProject
Project("{FAE04EC0-301F-11D3-BF4B-00C04F79EFBC}") = "SGE.Repositorios", "SGE.Repositorios\SGE.Repositorios.csproj", "{421BE88B-87A5-489C-AFE1-A9E7A81A1002}"
EndProject
Project("{FAE04EC0-301F-11D3-BF4B-00C04F79EFBC}") = "SGE.Consola", "SGE.Consola\SGE.Consola.csproj", "{C5ADA7B7-F734-48EC-84FA-B13DE0B0335F}"
EndProject
Project("{FAE04EC0-301F-11D3-BF4B-00C04F79EFBC}") = "SGE.UI", "SGE.UI\SGE.UI.csproj", "{D5EF8AB7-DFB9-4C11-AFD9-FA4296C21141}"
EndProject
Global
	GlobalSection(SolutionConfigurationPlatforms) = preSolution
		Debug|Any CPU = Debug|Any CPU
		Release|Any CPU = Release|Any CPU
	EndGlobalSection
	GlobalSection(SolutionProperties) = preSolution
		HideSolutionNode = FALSE
	EndGlobalSection
	GlobalSection(ProjectConfigurationPlatforms) = postSolution
		{167C789D-CFFA-42C9-A78D-C46D13764FAC}.Debug|Any CPU.ActiveCfg = Debug|Any CPU
		{167C789D-CFFA-42C9-A78D-C46D13764FAC}.Debug|Any CPU.Build.0 = Debug|Any CPU
		{167C789D-CFFA-42C9-A78D-C46D13764FAC}.Release|Any CPU.ActiveCfg = Release|Any CPU
		{167C789D-CFFA-42C9-A78D-C46D13764FAC}.Release|Any CPU.Build.0 = Release|Any CPU
		{421BE88B-87A5-489C-AFE1-A9E7A81A1002}.Debug|Any CPU.ActiveCfg = Debug|Any CPU
		{421BE88B-87A5-489C-AFE1-A9E7A81A1002}.Debug|Any CPU.Build.0 = Debug|Any CPU
		{421BE88B-87A5-489C-AFE1-A9E7A81A1002}.Release|Any CPU.ActiveCfg = Release|Any CPU
		{421BE88B-87A5-489C-AFE1-A9E7A81A1002}.Release|Any CPU.Build.0 = Release|Any CPU
		{C5ADA7B7-F734-48EC-84FA-B13DE0B0335F}.Debug|Any CPU.ActiveCfg = Debug|Any CPU
		{C5ADA7B7-F734-48EC-84FA-B13DE0B0335F}.Debug|Any CPU.Build.0 = Debug|Any CPU
		{C5ADA7B7-F734-48EC-84FA-B13DE0B0335F}.Release|Any CPU.ActiveCfg = Release|Any CPU
		{C5ADA7B7-F734-48EC-84FA-B13DE0B0335F}.Release|Any CPU.Build.0 = Release|Any CPU
		{D5EF8AB7-DFB9-4C11-AFD9-FA4296C21141}.Debug|Any CPU.ActiveCfg = Debug|Any CPU
		{D5EF8AB7-DFB9-4C11-AFD9-FA4296C21141}.Debug|Any CPU.Build.0 = Debug|Any CPU
		{D5EF8AB7-DFB9-4C11-AFD9-FA4296C21141}.Release|Any CPU.ActiveCfg = Release|Any CPU
		{D5EF8AB7-DFB9-4C11-AFD9-FA4296C21141}.Release|Any CPU.Build.0 = Release|Any CPU
	EndGlobalSection
EndGlobal
